
Microsoft Visual Studio Solution File, Format Version 12.00
# Visual Studio Version 16
VisualStudioVersion = 16.0.30011.22
MinimumVisualStudioVersion = 10.0.40219.1
Project("{9A19103F-16F7-4668-BE54-9A1E7A4F7556}") = "MTS.API", "MTS.API\MTS.API.csproj", "{5AB91365-5499-4A7C-8247-1FA70E2E473C}"
EndProject
Project("{FAE04EC0-301F-11D3-BF4B-00C04F79EFBC}") = "MTS.API.Service", "MTS.API.Service\MTS.API.Service.csproj", "{B9E9B580-7DA1-4684-B626-E63319772A99}"
EndProject
Project("{FAE04EC0-301F-11D3-BF4B-00C04F79EFBC}") = "MTS.API.Domain", "MTS.API.Domain\MTS.API.Domain.csproj", "{BB150BFA-66B5-46DB-B043-5D36358CDA40}"
EndProject
Project("{FAE04EC0-301F-11D3-BF4B-00C04F79EFBC}") = "MTS.API.Service.Test", "MTS.API.Service.Test\MTS.API.Service.Test.csproj", "{C9E9523E-FCA2-44D7-8A10-8C78080AF8B1}"
EndProject
Global
	GlobalSection(SolutionConfigurationPlatforms) = preSolution
		Debug|Any CPU = Debug|Any CPU
		Release|Any CPU = Release|Any CPU
	EndGlobalSection
	GlobalSection(ProjectConfigurationPlatforms) = postSolution
		{5AB91365-5499-4A7C-8247-1FA70E2E473C}.Debug|Any CPU.ActiveCfg = Debug|Any CPU
		{5AB91365-5499-4A7C-8247-1FA70E2E473C}.Debug|Any CPU.Build.0 = Debug|Any CPU
		{5AB91365-5499-4A7C-8247-1FA70E2E473C}.Release|Any CPU.ActiveCfg = Release|Any CPU
		{5AB91365-5499-4A7C-8247-1FA70E2E473C}.Release|Any CPU.Build.0 = Release|Any CPU
		{B9E9B580-7DA1-4684-B626-E63319772A99}.Debug|Any CPU.ActiveCfg = Debug|Any CPU
		{B9E9B580-7DA1-4684-B626-E63319772A99}.Debug|Any CPU.Build.0 = Debug|Any CPU
		{B9E9B580-7DA1-4684-B626-E63319772A99}.Release|Any CPU.ActiveCfg = Release|Any CPU
		{B9E9B580-7DA1-4684-B626-E63319772A99}.Release|Any CPU.Build.0 = Release|Any CPU
		{BB150BFA-66B5-46DB-B043-5D36358CDA40}.Debug|Any CPU.ActiveCfg = Debug|Any CPU
		{BB150BFA-66B5-46DB-B043-5D36358CDA40}.Debug|Any CPU.Build.0 = Debug|Any CPU
		{BB150BFA-66B5-46DB-B043-5D36358CDA40}.Release|Any CPU.ActiveCfg = Release|Any CPU
		{BB150BFA-66B5-46DB-B043-5D36358CDA40}.Release|Any CPU.Build.0 = Release|Any CPU
		{C9E9523E-FCA2-44D7-8A10-8C78080AF8B1}.Debug|Any CPU.ActiveCfg = Debug|Any CPU
		{C9E9523E-FCA2-44D7-8A10-8C78080AF8B1}.Debug|Any CPU.Build.0 = Debug|Any CPU
		{C9E9523E-FCA2-44D7-8A10-8C78080AF8B1}.Release|Any CPU.ActiveCfg = Release|Any CPU
		{C9E9523E-FCA2-44D7-8A10-8C78080AF8B1}.Release|Any CPU.Build.0 = Release|Any CPU
	EndGlobalSection
	GlobalSection(SolutionProperties) = preSolution
		HideSolutionNode = FALSE
	EndGlobalSection
	GlobalSection(ExtensibilityGlobals) = postSolution
		SolutionGuid = {79B5DBEA-7E2F-4775-A197-DF784E657EC1}
	EndGlobalSection
EndGlobal
